
Microsoft Visual Studio Solution File, Format Version 12.00
# Visual Studio Version 16
VisualStudioVersion = 16.0.29418.71
MinimumVisualStudioVersion = 10.0.40219.1
Project("{FAE04EC0-301F-11D3-BF4B-00C04F79EFBC}") = "Nmap_MT", "Nmap_MT\Nmap_MT.csproj", "{2FF7338F-2ED5-4FD2-B7CC-124164907A12}"
EndProject
Project("{54435603-DBB4-11D2-8724-00A0C9A8B90C}") = "NmapMT_setup", "NmapMT_setup\NmapMT_setup.vdproj", "{7814777B-EDC9-46A7-B3FE-9D0BCDBD4610}"
EndProject
Global
	GlobalSection(SolutionConfigurationPlatforms) = preSolution
		Debug|Any CPU = Debug|Any CPU
		Release|Any CPU = Release|Any CPU
	EndGlobalSection
	GlobalSection(ProjectConfigurationPlatforms) = postSolution
		{2FF7338F-2ED5-4FD2-B7CC-124164907A12}.Debug|Any CPU.ActiveCfg = Debug|Any CPU
		{2FF7338F-2ED5-4FD2-B7CC-124164907A12}.Debug|Any CPU.Build.0 = Debug|Any CPU
		{2FF7338F-2ED5-4FD2-B7CC-124164907A12}.Release|Any CPU.ActiveCfg = Release|Any CPU
		{2FF7338F-2ED5-4FD2-B7CC-124164907A12}.Release|Any CPU.Build.0 = Release|Any CPU
		{7814777B-EDC9-46A7-B3FE-9D0BCDBD4610}.Debug|Any CPU.ActiveCfg = Debug
		{7814777B-EDC9-46A7-B3FE-9D0BCDBD4610}.Release|Any CPU.ActiveCfg = Release
	EndGlobalSection
	GlobalSection(SolutionProperties) = preSolution
		HideSolutionNode = FALSE
	EndGlobalSection
	GlobalSection(ExtensibilityGlobals) = postSolution
		SolutionGuid = {EA819F0F-AEE6-476A-952C-D54B51615DA1}
	EndGlobalSection
EndGlobal
